
Microsoft Visual Studio Solution File, Format Version 12.00
# Visual Studio Version 16
VisualStudioVersion = 16.0.29905.134
MinimumVisualStudioVersion = 10.0.40219.1
Project("{9A19103F-16F7-4668-BE54-9A1E7A4F7556}") = "SeleniumExample", "SeleniumExample\SeleniumExample.csproj", "{BC36CAEB-9573-4112-8E3B-0E3EB24773AB}"
EndProject
Global
	GlobalSection(SolutionConfigurationPlatforms) = preSolution
		Chrome (Headless)|Any CPU = Chrome (Headless)|Any CPU
		Chrome|Any CPU = Chrome|Any CPU
	EndGlobalSection
	GlobalSection(ProjectConfigurationPlatforms) = postSolution
		{BC36CAEB-9573-4112-8E3B-0E3EB24773AB}.Chrome (Headless)|Any CPU.ActiveCfg = Chrome (Headless)|Any CPU
		{BC36CAEB-9573-4112-8E3B-0E3EB24773AB}.Chrome (Headless)|Any CPU.Build.0 = Chrome (Headless)|Any CPU
		{BC36CAEB-9573-4112-8E3B-0E3EB24773AB}.Chrome|Any CPU.ActiveCfg = Chrome|Any CPU
		{BC36CAEB-9573-4112-8E3B-0E3EB24773AB}.Chrome|Any CPU.Build.0 = Chrome|Any CPU
	EndGlobalSection
	GlobalSection(SolutionProperties) = preSolution
		HideSolutionNode = FALSE
	EndGlobalSection
	GlobalSection(ExtensibilityGlobals) = postSolution
		SolutionGuid = {3A7825C3-96C8-4AB7-84A8-381D031625D3}
	EndGlobalSection
EndGlobal
